// !$*UTF8*$!
{
	archiveVersion = 1;
	classes = {
	};
	objectVersion = 46;
	objects = {

/* Begin PBXBuildFile section */
		441940C71E151B450071A8EA /* apple_new1.jpg in Resources */ = {isa = PBXBuildFile; fileRef = 441940C61E151B450071A8EA /* apple_new1.jpg */; };
		449E8DFD1E07A86D0038676D /* apple2.png in Resources */ = {isa = PBXBuildFile; fileRef = 449E8DFC1E07A86D0038676D /* apple2.png */; };
		449E8DFF1E07AA5C0038676D /* apple3.jpg in Resources */ = {isa = PBXBuildFile; fileRef = 449E8DFE1E07AA5C0038676D /* apple3.jpg */; };
		449E8E011E07ACBF0038676D /* Left Arrow.png in Resources */ = {isa = PBXBuildFile; fileRef = 449E8E001E07ACBF0038676D /* Left Arrow.png */; };
		449E8E031E07ACC40038676D /* Right Arrow.png in Resources */ = {isa = PBXBuildFile; fileRef = 449E8E021E07ACC40038676D /* Right Arrow.png */; };
		56CF57F71CB54A7B0060FE0E /* main.m in Sources */ = {isa = PBXBuildFile; fileRef = 56CF57F61CB54A7B0060FE0E /* main.m */; };
		56CF57FA1CB54A7B0060FE0E /* AppDelegate.m in Sources */ = {isa = PBXBuildFile; fileRef = 56CF57F91CB54A7B0060FE0E /* AppDelegate.m */; };
		56CF57FD1CB54A7B0060FE0E /* ViewController.m in Sources */ = {isa = PBXBuildFile; fileRef = 56CF57FC1CB54A7B0060FE0E /* ViewController.m */; };
		56CF58001CB54A7B0060FE0E /* Main.storyboard in Resources */ = {isa = PBXBuildFile; fileRef = 56CF57FE1CB54A7B0060FE0E /* Main.storyboard */; };
		56CF58021CB54A7B0060FE0E /* Images.xcassets in Resources */ = {isa = PBXBuildFile; fileRef = 56CF58011CB54A7B0060FE0E /* Images.xcassets */; };
		56CF58051CB54A7B0060FE0E /* LaunchScreen.xib in Resources */ = {isa = PBXBuildFile; fileRef = 56CF58031CB54A7B0060FE0E /* LaunchScreen.xib */; };
		56CF58111CB54A7B0060FE0E /* collectionviewTests.m in Sources */ = {isa = PBXBuildFile; fileRef = 56CF58101CB54A7B0060FE0E /* collectionviewTests.m */; };
		56D5613B1CBB655000D25EF4 /* cool-wallpaper-2.jpg in Resources */ = {isa = PBXBuildFile; fileRef = 56D5613A1CBB655000D25EF4 /* cool-wallpaper-2.jpg */; };
		56D561411CBB686500D25EF4 /* newCollectionViewCell.m in Sources */ = {isa = PBXBuildFile; fileRef = 56D561401CBB686500D25EF4 /* newCollectionViewCell.m */; };
/* End PBXBuildFile section */

/* Begin PBXContainerItemProxy section */
		56CF580B1CB54A7B0060FE0E /* PBXContainerItemProxy */ = {
			isa = PBXContainerItemProxy;
			containerPortal = 56CF57E91CB54A7B0060FE0E /* Project object */;
			proxyType = 1;
			remoteGlobalIDString = 56CF57F01CB54A7B0060FE0E;
			remoteInfo = collectionview;
		};
/* End PBXContainerItemProxy section */

/* Begin PBXFileReference section */
		441940C61E151B450071A8EA /* apple_new1.jpg */ = {isa = PBXFileReference; lastKnownFileType = image.jpeg; path = apple_new1.jpg; sourceTree = "<group>"; };
		449E8DFC1E07A86D0038676D /* apple2.png */ = {isa = PBXFileReference; lastKnownFileType = image.png; path = apple2.png; sourceTree = "<group>"; };
		449E8DFE1E07AA5C0038676D /* apple3.jpg */ = {isa = PBXFileReference; lastKnownFileType = image.jpeg; path = apple3.jpg; sourceTree = "<group>"; };
		449E8E001E07ACBF0038676D /* Left Arrow.png */ = {isa = PBXFileReference; lastKnownFileType = image.png; path = "Left Arrow.png"; sourceTree = "<group>"; };
		449E8E021E07ACC40038676D /* Right Arrow.png */ = {isa = PBXFileReference; lastKnownFileType = image.png; path = "Right Arrow.png"; sourceTree = "<group>"; };
		56CF57F11CB54A7B0060FE0E /* collectionview.app */ = {isa = PBXFileReference; explicitFileType = wrapper.application; includeInIndex = 0; path = collectionview.app; sourceTree = BUILT_PRODUCTS_DIR; };
		56CF57F51CB54A7B0060FE0E /* Info.plist */ = {isa = PBXFileReference; lastKnownFileType = text.plist.xml; path = Info.plist; sourceTree = "<group>"; };
		56CF57F61CB54A7B0060FE0E /* main.m */ = {isa = PBXFileReference; lastKnownFileType = sourcecode.c.objc; path = main.m; sourceTree = "<group>"; };
		56CF57F81CB54A7B0060FE0E /* AppDelegate.h */ = {isa = PBXFileReference; lastKnownFileType = sourcecode.c.h; path = AppDelegate.h; sourceTree = "<group>"; };
		56CF57F91CB54A7B0060FE0E /* AppDelegate.m */ = {isa = PBXFileReference; lastKnownFileType = sourcecode.c.objc; path = AppDelegate.m; sourceTree = "<group>"; };
		56CF57FB1CB54A7B0060FE0E /* ViewController.h */ = {isa = PBXFileReference; lastKnownFileType = sourcecode.c.h; path = ViewController.h; sourceTree = "<group>"; };
		56CF57FC1CB54A7B0060FE0E /* ViewController.m */ = {isa = PBXFileReference; lastKnownFileType = sourcecode.c.objc; path = ViewController.m; sourceTree = "<group>"; };
		56CF57FF1CB54A7B0060FE0E /* Base */ = {isa = PBXFileReference; lastKnownFileType = file.storyboard; name = Base; path = Base.lproj/Main.storyboard; sourceTree = "<group>"; };
		56CF58011CB54A7B0060FE0E /* Images.xcassets */ = {isa = PBXFileReference; lastKnownFileType = folder.assetcatalog; path = Images.xcassets; sourceTree = "<group>"; };
		56CF58041CB54A7B0060FE0E /* Base */ = {isa = PBXFileReference; lastKnownFileType = file.xib; name = Base; path = Base.lproj/LaunchScreen.xib; sourceTree = "<group>"; };
		56CF580A1CB54A7B0060FE0E /* collectionviewTests.xctest */ = {isa = PBXFileReference; explicitFileType = wrapper.cfbundle; includeInIndex = 0; path = collectionviewTests.xctest; sourceTree = BUILT_PRODUCTS_DIR; };
		56CF580F1CB54A7B0060FE0E /* Info.plist */ = {isa = PBXFileReference; lastKnownFileType = text.plist.xml; path = Info.plist; sourceTree = "<group>"; };
		56CF58101CB54A7B0060FE0E /* collectionviewTests.m */ = {isa = PBXFileReference; lastKnownFileType = sourcecode.c.objc; path = collectionviewTests.m; sourceTree = "<group>"; };
		56D5613A1CBB655000D25EF4 /* cool-wallpaper-2.jpg */ = {isa = PBXFileReference; lastKnownFileType = image.jpeg; path = "cool-wallpaper-2.jpg"; sourceTree = "<group>"; };
		56D5613F1CBB686500D25EF4 /* newCollectionViewCell.h */ = {isa = PBXFileReference; fileEncoding = 4; lastKnownFileType = sourcecode.c.h; path = newCollectionViewCell.h; sourceTree = "<group>"; };
		56D561401CBB686500D25EF4 /* newCollectionViewCell.m */ = {isa = PBXFileReference; fileEncoding = 4; lastKnownFileType = sourcecode.c.objc; path = newCollectionViewCell.m; sourceTree = "<group>"; };
/* End PBXFileReference section */

/* Begin PBXFrameworksBuildPhase section */
		56CF57EE1CB54A7B0060FE0E /* Frameworks */ = {
			isa = PBXFrameworksBuildPhase;
			buildActionMask = 2147483647;
			files = (
			);
			runOnlyForDeploymentPostprocessing = 0;
		};
		56CF58071CB54A7B0060FE0E /* Frameworks */ = {
			isa = PBXFrameworksBuildPhase;
			buildActionMask = 2147483647;
			files = (
			);
			runOnlyForDeploymentPostprocessing = 0;
		};
/* End PBXFrameworksBuildPhase section */

/* Begin PBXGroup section */
		56CF57E81CB54A7B0060FE0E = {
			isa = PBXGroup;
			children = (
				56CF57F31CB54A7B0060FE0E /* collectionview */,
				56CF580D1CB54A7B0060FE0E /* collectionviewTests */,
				56CF57F21CB54A7B0060FE0E /* Products */,
			);
			sourceTree = "<group>";
		};
		56CF57F21CB54A7B0060FE0E /* Products */ = {
			isa = PBXGroup;
			children = (
				56CF57F11CB54A7B0060FE0E /* collectionview.app */,
				56CF580A1CB54A7B0060FE0E /* collectionviewTests.xctest */,
			);
			name = Products;
			sourceTree = "<group>";
		};
		56CF57F31CB54A7B0060FE0E /* collectionview */ = {
			isa = PBXGroup;
			children = (
				56CF57F81CB54A7B0060FE0E /* AppDelegate.h */,
				56CF57F91CB54A7B0060FE0E /* AppDelegate.m */,
				56CF57FB1CB54A7B0060FE0E /* ViewController.h */,
				56CF57FC1CB54A7B0060FE0E /* ViewController.m */,
				441940C61E151B450071A8EA /* apple_new1.jpg */,
				56D5613A1CBB655000D25EF4 /* cool-wallpaper-2.jpg */,
				56CF57FE1CB54A7B0060FE0E /* Main.storyboard */,
				449E8DFC1E07A86D0038676D /* apple2.png */,
				449E8DFE1E07AA5C0038676D /* apple3.jpg */,
				449E8E001E07ACBF0038676D /* Left Arrow.png */,
				449E8E021E07ACC40038676D /* Right Arrow.png */,
				56CF58011CB54A7B0060FE0E /* Images.xcassets */,
				56CF58031CB54A7B0060FE0E /* LaunchScreen.xib */,
				56CF57F41CB54A7B0060FE0E /* Supporting Files */,
				56D5613F1CBB686500D25EF4 /* newCollectionViewCell.h */,
				56D561401CBB686500D25EF4 /* newCollectionViewCell.m */,
			);
			path = collectionview;
			sourceTree = "<group>";
		};
		56CF57F41CB54A7B0060FE0E /* Supporting Files */ = {
			isa = PBXGroup;
			children = (
				56CF57F51CB54A7B0060FE0E /* Info.plist */,
				56CF57F61CB54A7B0060FE0E /* main.m */,
			);
			name = "Supporting Files";
			sourceTree = "<group>";
		};
		56CF580D1CB54A7B0060FE0E /* collectionviewTests */ = {
			isa = PBXGroup;
			children = (
				56CF58101CB54A7B0060FE0E /* collectionviewTests.m */,
				56CF580E1CB54A7B0060FE0E /* Supporting Files */,
			);
			path = collectionviewTests;
			sourceTree = "<group>";
		};
		56CF580E1CB54A7B0060FE0E /* Supporting Files */ = {
			isa = PBXGroup;
			children = (
				56CF580F1CB54A7B0060FE0E /* Info.plist */,
			);
			name = "Supporting Files";
			sourceTree = "<group>";
		};
/* End PBXGroup section */

/* Begin PBXNativeTarget section */
		56CF57F01CB54A7B0060FE0E /* collectionview */ = {
			isa = PBXNativeTarget;
			buildConfigurationList = 56CF58141CB54A7B0060FE0E /* Build configuration list for PBXNativeTarget "collectionview" */;
			buildPhases = (
				56CF57ED1CB54A7B0060FE0E /* Sources */,
				56CF57EE1CB54A7B0060FE0E /* Frameworks */,
				56CF57EF1CB54A7B0060FE0E /* Resources */,
			);
			buildRules = (
			);
			dependencies = (
			);
			name = collectionview;
			productName = collectionview;
			productReference = 56CF57F11CB54A7B0060FE0E /* collectionview.app */;
			productType = "com.apple.product-type.application";
		};
		56CF58091CB54A7B0060FE0E /* collectionviewTests */ = {
			isa = PBXNativeTarget;
			buildConfigurationList = 56CF58171CB54A7B0060FE0E /* Build configuration list for PBXNativeTarget "collectionviewTests" */;
			buildPhases = (
				56CF58061CB54A7B0060FE0E /* Sources */,
				56CF58071CB54A7B0060FE0E /* Frameworks */,
				56CF58081CB54A7B0060FE0E /* Resources */,
			);
			buildRules = (
			);
			dependencies = (
				56CF580C1CB54A7B0060FE0E /* PBXTargetDependency */,
			);
			name = collectionviewTests;
			productName = collectionviewTests;
			productReference = 56CF580A1CB54A7B0060FE0E /* collectionviewTests.xctest */;
			productType = "com.apple.product-type.bundle.unit-test";
		};
/* End PBXNativeTarget section */

/* Begin PBXProject section */
		56CF57E91CB54A7B0060FE0E /* Project object */ = {
			isa = PBXProject;
			attributes = {
				LastUpgradeCheck = 0640;
				ORGANIZATIONNAME = com.ronak.zaptech;
				TargetAttributes = {
					56CF57F01CB54A7B0060FE0E = {
						CreatedOnToolsVersion = 6.4;
					};
					56CF58091CB54A7B0060FE0E = {
						CreatedOnToolsVersion = 6.4;
						TestTargetID = 56CF57F01CB54A7B0060FE0E;
					};
				};
			};
			buildConfigurationList = 56CF57EC1CB54A7B0060FE0E /* Build configuration list for PBXProject "collectionview" */;
			compatibilityVersion = "Xcode 3.2";
			developmentRegion = English;
			hasScannedForEncodings = 0;
			knownRegions = (
				en,
				Base,
			);
			mainGroup = 56CF57E81CB54A7B0060FE0E;
			productRefGroup = 56CF57F21CB54A7B0060FE0E /* Products */;
			projectDirPath = "";
			projectRoot = "";
			targets = (
				56CF57F01CB54A7B0060FE0E /* collectionview */,
				56CF58091CB54A7B0060FE0E /* collectionviewTests */,
			);
		};
/* End PBXProject section */

/* Begin PBXResourcesBuildPhase section */
		56CF57EF1CB54A7B0060FE0E /* Resources */ = {
			isa = PBXResourcesBuildPhase;
			buildActionMask = 2147483647;
			files = (
				56D5613B1CBB655000D25EF4 /* cool-wallpaper-2.jpg in Resources */,
				56CF58001CB54A7B0060FE0E /* Main.storyboard in Resources */,
				56CF58051CB54A7B0060FE0E /* LaunchScreen.xib in Resources */,
				441940C71E151B450071A8EA /* apple_new1.jpg in Resources */,
				449E8E031E07ACC40038676D /* Right Arrow.png in Resources */,
				449E8DFD1E07A86D0038676D /* apple2.png in Resources */,
				449E8DFF1E07AA5C0038676D /* apple3.jpg in Resources */,
				56CF58021CB54A7B0060FE0E /* Images.xcassets in Resources */,
				449E8E011E07ACBF0038676D /* Left Arrow.png in Resources */,
			);
			runOnlyForDeploymentPostprocessing = 0;
		};
		56CF58081CB54A7B0060FE0E /* Resources */ = {
			isa = PBXResourcesBuildPhase;
			buildActionMask = 2147483647;
			files = (
			);
			runOnlyForDeploymentPostprocessing = 0;
		};
/* End PBXResourcesBuildPhase section */

/* Begin PBXSourcesBuildPhase section */
		56CF57ED1CB54A7B0060FE0E /* Sources */ = {
			isa = PBXSourcesBuildPhase;
			buildActionMask = 2147483647;
			files = (
				56CF57FD1CB54A7B0060FE0E /* ViewController.m in Sources */,
				56CF57FA1CB54A7B0060FE0E /* AppDelegate.m in Sources */,
				56CF57F71CB54A7B0060FE0E /* main.m in Sources */,
				56D561411CBB686500D25EF4 /* newCollectionViewCell.m in Sources */,
			);
			runOnlyForDeploymentPostprocessing = 0;
		};
		56CF58061CB54A7B0060FE0E /* Sources */ = {
			isa = PBXSourcesBuildPhase;
			buildActionMask = 2147483647;
			files = (
				56CF58111CB54A7B0060FE0E /* collectionviewTests.m in Sources */,
			);
			runOnlyForDeploymentPostprocessing = 0;
		};
/* End PBXSourcesBuildPhase section */

/* Begin PBXTargetDependency section */
		56CF580C1CB54A7B0060FE0E /* PBXTargetDependency */ = {
			isa = PBXTargetDependency;
			target = 56CF57F01CB54A7B0060FE0E /* collectionview */;
			targetProxy = 56CF580B1CB54A7B0060FE0E /* PBXContainerItemProxy */;
		};
/* End PBXTargetDependency section */

/* Begin PBXVariantGroup section */
		56CF57FE1CB54A7B0060FE0E /* Main.storyboard */ = {
			isa = PBXVariantGroup;
			children = (
				56CF57FF1CB54A7B0060FE0E /* Base */,
			);
			name = Main.storyboard;
			sourceTree = "<group>";
		};
		56CF58031CB54A7B0060FE0E /* LaunchScreen.xib */ = {
			isa = PBXVariantGroup;
			children = (
				56CF58041CB54A7B0060FE0E /* Base */,
			);
			name = LaunchScreen.xib;
			sourceTree = "<group>";
		};
/* End PBXVariantGroup section */

/* Begin XCBuildConfiguration section */
		56CF58121CB54A7B0060FE0E /* Debug */ = {
			isa = XCBuildConfiguration;
			buildSettings = {
				ALWAYS_SEARCH_USER_PATHS = NO;
				CLANG_CXX_LANGUAGE_STANDARD = "gnu++0x";
				CLANG_CXX_LIBRARY = "libc++";
				CLANG_ENABLE_MODULES = YES;
				CLANG_ENABLE_OBJC_ARC = YES;
				CLANG_WARN_BOOL_CONVERSION = YES;
				CLANG_WARN_CONSTANT_CONVERSION = YES;
				CLANG_WARN_DIRECT_OBJC_ISA_USAGE = YES_ERROR;
				CLANG_WARN_EMPTY_BODY = YES;
				CLANG_WARN_ENUM_CONVERSION = YES;
				CLANG_WARN_INT_CONVERSION = YES;
				CLANG_WARN_OBJC_ROOT_CLASS = YES_ERROR;
				CLANG_WARN_UNREACHABLE_CODE = YES;
				CLANG_WARN__DUPLICATE_METHOD_MATCH = YES;
				"CODE_SIGN_IDENTITY[sdk=iphoneos*]" = "iPhone Developer";
				COPY_PHASE_STRIP = NO;
				DEBUG_INFORMATION_FORMAT = "dwarf-with-dsym";
				ENABLE_STRICT_OBJC_MSGSEND = YES;
				GCC_C_LANGUAGE_STANDARD = gnu99;
				GCC_DYNAMIC_NO_PIC = NO;
				GCC_NO_COMMON_BLOCKS = YES;
				GCC_OPTIMIZATION_LEVEL = 0;
				GCC_PREPROCESSOR_DEFINITIONS = (
					"DEBUG=1",
					"$(inherited)",
				);
				GCC_SYMBOLS_PRIVATE_EXTERN = NO;
				GCC_WARN_64_TO_32_BIT_CONVERSION = YES;
				GCC_WARN_ABOUT_RETURN_TYPE = YES_ERROR;
				GCC_WARN_UNDECLARED_SELECTOR = YES;
				GCC_WARN_UNINITIALIZED_AUTOS = YES_AGGRESSIVE;
				GCC_WARN_UNUSED_FUNCTION = YES;
				GCC_WARN_UNUSED_VARIABLE = YES;
				IPHONEOS_DEPLOYMENT_TARGET = 8.4;
				MTL_ENABLE_DEBUG_INFO = YES;
				ONLY_ACTIVE_ARCH = YES;
				SDKROOT = iphoneos;
				TARGETED_DEVICE_FAMILY = "1,2";
			};
			name = Debug;
		};
		56CF58131CB54A7B0060FE0E /* Release */ = {
			isa = XCBuildConfiguration;
			buildSettings = {
				ALWAYS_SEARCH_USER_PATHS = NO;
				CLANG_CXX_LANGUAGE_STANDARD = "gnu++0x";
				CLANG_CXX_LIBRARY = "libc++";
				CLANG_ENABLE_MODULES = YES;
				CLANG_ENABLE_OBJC_ARC = YES;
				CLANG_WARN_BOOL_CONVERSION = YES;
				CLANG_WARN_CONSTANT_CONVERSION = YES;
				CLANG_WARN_DIRECT_OBJC_ISA_USAGE = YES_ERROR;
				CLANG_WARN_EMPTY_BODY = YES;
				CLANG_WARN_ENUM_CONVERSION = YES;
				CLANG_WARN_INT_CONVERSION = YES;
				CLANG_WARN_OBJC_ROOT_CLASS = YES_ERROR;
				CLANG_WARN_UNREACHABLE_CODE = YES;
				CLANG_WARN__DUPLICATE_METHOD_MATCH = YES;
				"CODE_SIGN_IDENTITY[sdk=iphoneos*]" = "iPhone Developer";
				COPY_PHASE_STRIP = NO;
				DEBUG_INFORMATION_FORMAT = "dwarf-with-dsym";
				ENABLE_NS_ASSERTIONS = NO;
				ENABLE_STRICT_OBJC_MSGSEND = YES;
				GCC_C_LANGUAGE_STANDARD = gnu99;
				GCC_NO_COMMON_BLOCKS = YES;
				GCC_WARN_64_TO_32_BIT_CONVERSION = YES;
				GCC_WARN_ABOUT_RETURN_TYPE = YES_ERROR;
				GCC_WARN_UNDECLARED_SELECTOR = YES;
				GCC_WARN_UNINITIALIZED_AUTOS = YES_AGGRESSIVE;
				GCC_WARN_UNUSED_FUNCTION = YES;
				GCC_WARN_UNUSED_VARIABLE = YES;
				IPHONEOS_DEPLOYMENT_TARGET = 8.4;
				MTL_ENABLE_DEBUG_INFO = NO;
				SDKROOT = iphoneos;
				TARGETED_DEVICE_FAMILY = "1,2";
				VALIDATE_PRODUCT = YES;
			};
			name = Release;
		};
		56CF58151CB54A7B0060FE0E /* Debug */ = {
			isa = XCBuildConfiguration;
			buildSettings = {
				ASSETCATALOG_COMPILER_APPICON_NAME = AppIcon;
				INFOPLIST_FILE = collectionview/Info.plist;
				LD_RUNPATH_SEARCH_PATHS = "$(inherited) @executable_path/Frameworks";
				PRODUCT_NAME = "$(TARGET_NAME)";
			};
			name = Debug;
		};
		56CF58161CB54A7B0060FE0E /* Release */ = {
			isa = XCBuildConfiguration;
			buildSettings = {
				ASSETCATALOG_COMPILER_APPICON_NAME = AppIcon;
				INFOPLIST_FILE = collectionview/Info.plist;
				LD_RUNPATH_SEARCH_PATHS = "$(inherited) @executable_path/Frameworks";
				PRODUCT_NAME = "$(TARGET_NAME)";
			};
			name = Release;
		};
		56CF58181CB54A7B0060FE0E /* Debug */ = {
			isa = XCBuildConfiguration;
			buildSettings = {
				BUNDLE_LOADER = "$(TEST_HOST)";
				FRAMEWORK_SEARCH_PATHS = (
					"$(SDKROOT)/Developer/Library/Frameworks",
					"$(inherited)",
				);
				GCC_PREPROCESSOR_DEFINITIONS = (
					"DEBUG=1",
					"$(inherited)",
				);
				INFOPLIST_FILE = collectionviewTests/Info.plist;
				LD_RUNPATH_SEARCH_PATHS = "$(inherited) @executable_path/Frameworks @loader_path/Frameworks";
				PRODUCT_NAME = "$(TARGET_NAME)";
				TEST_HOST = "$(BUILT_PRODUCTS_DIR)/collectionview.app/collectionview";
			};
			name = Debug;
		};
		56CF58191CB54A7B0060FE0E /* Release */ = {
			isa = XCBuildConfiguration;
			buildSettings = {
				BUNDLE_LOADER = "$(TEST_HOST)";
				FRAMEWORK_SEARCH_PATHS = (
					"$(SDKROOT)/Developer/Library/Frameworks",
					"$(inherited)",
				);
				INFOPLIST_FILE = collectionviewTests/Info.plist;
				LD_RUNPATH_SEARCH_PATHS = "$(inherited) @executable_path/Frameworks @loader_path/Frameworks";
				PRODUCT_NAME = "$(TARGET_NAME)";
				TEST_HOST = "$(BUILT_PRODUCTS_DIR)/collectionview.app/collectionview";
			};
			name = Release;
		};
/* End XCBuildConfiguration section */

/* Begin XCConfigurationList section */
		56CF57EC1CB54A7B0060FE0E /* Build configuration list for PBXProject "collectionview" */ = {
			isa = XCConfigurationList;
			buildConfigurations = (
				56CF58121CB54A7B0060FE0E /* Debug */,
				56CF58131CB54A7B0060FE0E /* Release */,
			);
			defaultConfigurationIsVisible = 0;
			defaultConfigurationName = Release;
		};
		56CF58141CB54A7B0060FE0E /* Build configuration list for PBXNativeTarget "collectionview" */ = {
			isa = XCConfigurationList;
			buildConfigurations = (
				56CF58151CB54A7B0060FE0E /* Debug */,
				56CF58161CB54A7B0060FE0E /* Release */,
			);
			defaultConfigurationIsVisible = 0;
			defaultConfigurationName = Release;
		};
		56CF58171CB54A7B0060FE0E /* Build configuration list for PBXNativeTarget "collectionviewTests" */ = {
			isa = XCConfigurationList;
			buildConfigurations = (
				56CF58181CB54A7B0060FE0E /* Debug */,
				56CF58191CB54A7B0060FE0E /* Release */,
			);
			defaultConfigurationIsVisible = 0;
			defaultConfigurationName = Release;
		};
/* End XCConfigurationList section */
	};
	rootObject = 56CF57E91CB54A7B0060FE0E /* Project object */;
}
